
Microsoft Visual Studio Solution File, Format Version 12.00
# Visual Studio 14
VisualStudioVersion = 14.0.25123.0
MinimumVisualStudioVersion = 10.0.40219.1
Project("{FAE04EC0-301F-11D3-BF4B-00C04F79EFBC}") = "FrequentNumber", "FrequentNumber\FrequentNumber.csproj", "{C50136B5-C23E-4E5A-A87E-4294F2037C44}"
EndProject
Global
	GlobalSection(SolutionConfigurationPlatforms) = preSolution
		Debug|Any CPU = Debug|Any CPU
		Release|Any CPU = Release|Any CPU
	EndGlobalSection
	GlobalSection(ProjectConfigurationPlatforms) = postSolution
		{C50136B5-C23E-4E5A-A87E-4294F2037C44}.Debug|Any CPU.ActiveCfg = Debug|Any CPU
		{C50136B5-C23E-4E5A-A87E-4294F2037C44}.Debug|Any CPU.Build.0 = Debug|Any CPU
		{C50136B5-C23E-4E5A-A87E-4294F2037C44}.Release|Any CPU.ActiveCfg = Release|Any CPU
		{C50136B5-C23E-4E5A-A87E-4294F2037C44}.Release|Any CPU.Build.0 = Release|Any CPU
	EndGlobalSection
	GlobalSection(SolutionProperties) = preSolution
		HideSolutionNode = FALSE
	EndGlobalSection
EndGlobal
